// !$*UTF8*$!
{
	archiveVersion = 1;
	classes = {
	};
	objectVersion = 50;
	objects = {

/* Begin PBXBuildFile section */
		95F4878E2099BBF000CAF4C9 /* DragableShape.swift in Sources */ = {isa = PBXBuildFile; fileRef = 95F4878D2099BBF000CAF4C9 /* DragableShape.swift */; };
		C44C5B3D20974AE70055124B /* AppDelegate.swift in Sources */ = {isa = PBXBuildFile; fileRef = C44C5B3C20974AE70055124B /* AppDelegate.swift */; };
		C44C5B4420974AE80055124B /* Assets.xcassets in Resources */ = {isa = PBXBuildFile; fileRef = C44C5B4320974AE80055124B /* Assets.xcassets */; };
		C44C5B5420974B540055124B /* LaunchScreen.storyboard in Resources */ = {isa = PBXBuildFile; fileRef = C44C5B4F20974B540055124B /* LaunchScreen.storyboard */; };
		C44C5B5520974B540055124B /* Main.storyboard in Resources */ = {isa = PBXBuildFile; fileRef = C44C5B5020974B540055124B /* Main.storyboard */; };
		C44C5B5720974B820055124B /* MainViewController.swift in Sources */ = {isa = PBXBuildFile; fileRef = C44C5B5620974B820055124B /* MainViewController.swift */; };
		C44C5B5A20974F780055124B /* UIViewExtention.swift in Sources */ = {isa = PBXBuildFile; fileRef = C44C5B5920974F780055124B /* UIViewExtention.swift */; };
		C44C5B5E209756CB0055124B /* CropViewController.swift in Sources */ = {isa = PBXBuildFile; fileRef = C44C5B5D209756CB0055124B /* CropViewController.swift */; };
		C44C5B60209757750055124B /* Crop.storyboard in Resources */ = {isa = PBXBuildFile; fileRef = C44C5B5F209757750055124B /* Crop.storyboard */; };
		C44C5B62209793620055124B /* CropView.swift in Sources */ = {isa = PBXBuildFile; fileRef = C44C5B61209793620055124B /* CropView.swift */; };
		C44C5B6B2098ECD70055124B /* CircleShape.swift in Sources */ = {isa = PBXBuildFile; fileRef = C44C5B6A2098ECD70055124B /* CircleShape.swift */; };
		C44C5B6D2098ED1B0055124B /* EllipseShape.swift in Sources */ = {isa = PBXBuildFile; fileRef = C44C5B6C2098ED1B0055124B /* EllipseShape.swift */; };
		E7BE5A7B209BAD0800A6F802 /* CGPoint.swift in Sources */ = {isa = PBXBuildFile; fileRef = E7BE5A7A209BAD0800A6F802 /* CGPoint.swift */; };
/* End PBXBuildFile section */

/* Begin PBXFileReference section */
		95F4878D2099BBF000CAF4C9 /* DragableShape.swift */ = {isa = PBXFileReference; lastKnownFileType = sourcecode.swift; path = DragableShape.swift; sourceTree = "<group>"; };
		C44C5B3920974AE70055124B /* PDFfiller.app */ = {isa = PBXFileReference; explicitFileType = wrapper.application; includeInIndex = 0; path = PDFfiller.app; sourceTree = BUILT_PRODUCTS_DIR; };
		C44C5B3C20974AE70055124B /* AppDelegate.swift */ = {isa = PBXFileReference; lastKnownFileType = sourcecode.swift; path = AppDelegate.swift; sourceTree = "<group>"; };
		C44C5B4320974AE80055124B /* Assets.xcassets */ = {isa = PBXFileReference; lastKnownFileType = folder.assetcatalog; path = Assets.xcassets; sourceTree = "<group>"; };
		C44C5B4820974AE80055124B /* Info.plist */ = {isa = PBXFileReference; lastKnownFileType = text.plist.xml; path = Info.plist; sourceTree = "<group>"; };
		C44C5B4F20974B540055124B /* LaunchScreen.storyboard */ = {isa = PBXFileReference; fileEncoding = 4; lastKnownFileType = file.storyboard; path = LaunchScreen.storyboard; sourceTree = "<group>"; };
		C44C5B5020974B540055124B /* Main.storyboard */ = {isa = PBXFileReference; fileEncoding = 4; lastKnownFileType = file.storyboard; path = Main.storyboard; sourceTree = "<group>"; };
		C44C5B5620974B820055124B /* MainViewController.swift */ = {isa = PBXFileReference; lastKnownFileType = sourcecode.swift; path = MainViewController.swift; sourceTree = "<group>"; };
		C44C5B5920974F780055124B /* UIViewExtention.swift */ = {isa = PBXFileReference; lastKnownFileType = sourcecode.swift; path = UIViewExtention.swift; sourceTree = "<group>"; };
		C44C5B5D209756CB0055124B /* CropViewController.swift */ = {isa = PBXFileReference; lastKnownFileType = sourcecode.swift; path = CropViewController.swift; sourceTree = "<group>"; };
		C44C5B5F209757750055124B /* Crop.storyboard */ = {isa = PBXFileReference; lastKnownFileType = file.storyboard; path = Crop.storyboard; sourceTree = "<group>"; };
		C44C5B61209793620055124B /* CropView.swift */ = {isa = PBXFileReference; lastKnownFileType = sourcecode.swift; path = CropView.swift; sourceTree = "<group>"; };
		C44C5B6A2098ECD70055124B /* CircleShape.swift */ = {isa = PBXFileReference; lastKnownFileType = sourcecode.swift; path = CircleShape.swift; sourceTree = "<group>"; };
		C44C5B6C2098ED1B0055124B /* EllipseShape.swift */ = {isa = PBXFileReference; lastKnownFileType = sourcecode.swift; path = EllipseShape.swift; sourceTree = "<group>"; };
		E7BE5A7A209BAD0800A6F802 /* CGPoint.swift */ = {isa = PBXFileReference; lastKnownFileType = sourcecode.swift; path = CGPoint.swift; sourceTree = "<group>"; };
/* End PBXFileReference section */

/* Begin PBXFrameworksBuildPhase section */
		C44C5B3620974AE70055124B /* Frameworks */ = {
			isa = PBXFrameworksBuildPhase;
			buildActionMask = 2147483647;
			files = (
			);
			runOnlyForDeploymentPostprocessing = 0;
		};
/* End PBXFrameworksBuildPhase section */

/* Begin PBXGroup section */
		C44C5B3020974AE60055124B = {
			isa = PBXGroup;
			children = (
				C44C5B3B20974AE70055124B /* PDFfiller */,
				C44C5B3A20974AE70055124B /* Products */,
			);
			sourceTree = "<group>";
		};
		C44C5B3A20974AE70055124B /* Products */ = {
			isa = PBXGroup;
			children = (
				C44C5B3920974AE70055124B /* PDFfiller.app */,
			);
			name = Products;
			sourceTree = "<group>";
		};
		C44C5B3B20974AE70055124B /* PDFfiller */ = {
			isa = PBXGroup;
			children = (
				C44C5B692098ECA60055124B /* Layers */,
				C44C5B5220974B540055124B /* Common */,
				C44C5B5120974B540055124B /* Controllers */,
				C44C5B4E20974B540055124B /* Storyboards */,
				C44C5B5320974B540055124B /* Views */,
				C44C5B3C20974AE70055124B /* AppDelegate.swift */,
				C44C5B4320974AE80055124B /* Assets.xcassets */,
				C44C5B4820974AE80055124B /* Info.plist */,
			);
			path = PDFfiller;
			sourceTree = "<group>";
		};
		C44C5B4E20974B540055124B /* Storyboards */ = {
			isa = PBXGroup;
			children = (
				C44C5B4F20974B540055124B /* LaunchScreen.storyboard */,
				C44C5B5020974B540055124B /* Main.storyboard */,
				C44C5B5F209757750055124B /* Crop.storyboard */,
			);
			path = Storyboards;
			sourceTree = "<group>";
		};
		C44C5B5120974B540055124B /* Controllers */ = {
			isa = PBXGroup;
			children = (
				C44C5B5620974B820055124B /* MainViewController.swift */,
				C44C5B5D209756CB0055124B /* CropViewController.swift */,
			);
			path = Controllers;
			sourceTree = "<group>";
		};
		C44C5B5220974B540055124B /* Common */ = {
			isa = PBXGroup;
			children = (
				C44C5B5820974F6A0055124B /* Extentions */,
			);
			path = Common;
			sourceTree = "<group>";
		};
		C44C5B5320974B540055124B /* Views */ = {
			isa = PBXGroup;
			children = (
				C44C5B61209793620055124B /* CropView.swift */,
			);
			path = Views;
			sourceTree = "<group>";
		};
		C44C5B5820974F6A0055124B /* Extentions */ = {
			isa = PBXGroup;
			children = (
				C44C5B5920974F780055124B /* UIViewExtention.swift */,
				E7BE5A7A209BAD0800A6F802 /* CGPoint.swift */,
			);
			path = Extentions;
			sourceTree = "<group>";
		};
		C44C5B692098ECA60055124B /* Layers */ = {
			isa = PBXGroup;
			children = (
				C44C5B6A2098ECD70055124B /* CircleShape.swift */,
				C44C5B6C2098ED1B0055124B /* EllipseShape.swift */,
				95F4878D2099BBF000CAF4C9 /* DragableShape.swift */,
			);
			path = Layers;
			sourceTree = "<group>";
		};
/* End PBXGroup section */

/* Begin PBXNativeTarget section */
		C44C5B3820974AE70055124B /* PDFfiller */ = {
			isa = PBXNativeTarget;
			buildConfigurationList = C44C5B4B20974AE80055124B /* Build configuration list for PBXNativeTarget "PDFfiller" */;
			buildPhases = (
				C44C5B3520974AE70055124B /* Sources */,
				C44C5B3620974AE70055124B /* Frameworks */,
				C44C5B3720974AE70055124B /* Resources */,
			);
			buildRules = (
			);
			dependencies = (
			);
			name = PDFfiller;
			productName = PDFfiller;
			productReference = C44C5B3920974AE70055124B /* PDFfiller.app */;
			productType = "com.apple.product-type.application";
		};
/* End PBXNativeTarget section */

/* Begin PBXProject section */
		C44C5B3120974AE60055124B /* Project object */ = {
			isa = PBXProject;
			attributes = {
				LastSwiftUpdateCheck = 0930;
				LastUpgradeCheck = 0930;
				ORGANIZATIONNAME = "Ilya Kostyukevich";
				TargetAttributes = {
					C44C5B3820974AE70055124B = {
						CreatedOnToolsVersion = 9.3;
					};
				};
			};
			buildConfigurationList = C44C5B3420974AE60055124B /* Build configuration list for PBXProject "PDFfiller" */;
			compatibilityVersion = "Xcode 9.3";
			developmentRegion = en;
			hasScannedForEncodings = 0;
			knownRegions = (
				en,
				Base,
			);
			mainGroup = C44C5B3020974AE60055124B;
			productRefGroup = C44C5B3A20974AE70055124B /* Products */;
			projectDirPath = "";
			projectRoot = "";
			targets = (
				C44C5B3820974AE70055124B /* PDFfiller */,
			);
		};
/* End PBXProject section */

/* Begin PBXResourcesBuildPhase section */
		C44C5B3720974AE70055124B /* Resources */ = {
			isa = PBXResourcesBuildPhase;
			buildActionMask = 2147483647;
			files = (
				C44C5B5520974B540055124B /* Main.storyboard in Resources */,
				C44C5B4420974AE80055124B /* Assets.xcassets in Resources */,
				C44C5B60209757750055124B /* Crop.storyboard in Resources */,
				C44C5B5420974B540055124B /* LaunchScreen.storyboard in Resources */,
			);
			runOnlyForDeploymentPostprocessing = 0;
		};
/* End PBXResourcesBuildPhase section */

/* Begin PBXSourcesBuildPhase section */
		C44C5B3520974AE70055124B /* Sources */ = {
			isa = PBXSourcesBuildPhase;
			buildActionMask = 2147483647;
			files = (
				C44C5B5A20974F780055124B /* UIViewExtention.swift in Sources */,
				95F4878E2099BBF000CAF4C9 /* DragableShape.swift in Sources */,
				C44C5B3D20974AE70055124B /* AppDelegate.swift in Sources */,
				C44C5B6D2098ED1B0055124B /* EllipseShape.swift in Sources */,
				E7BE5A7B209BAD0800A6F802 /* CGPoint.swift in Sources */,
				C44C5B5E209756CB0055124B /* CropViewController.swift in Sources */,
				C44C5B6B2098ECD70055124B /* CircleShape.swift in Sources */,
				C44C5B5720974B820055124B /* MainViewController.swift in Sources */,
				C44C5B62209793620055124B /* CropView.swift in Sources */,
			);
			runOnlyForDeploymentPostprocessing = 0;
		};
/* End PBXSourcesBuildPhase section */

/* Begin XCBuildConfiguration section */
		C44C5B4920974AE80055124B /* Debug */ = {
			isa = XCBuildConfiguration;
			buildSettings = {
				ALWAYS_SEARCH_USER_PATHS = NO;
				CLANG_ANALYZER_NONNULL = YES;
				CLANG_ANALYZER_NUMBER_OBJECT_CONVERSION = YES_AGGRESSIVE;
				CLANG_CXX_LANGUAGE_STANDARD = "gnu++14";
				CLANG_CXX_LIBRARY = "libc++";
				CLANG_ENABLE_MODULES = YES;
				CLANG_ENABLE_OBJC_ARC = YES;
				CLANG_ENABLE_OBJC_WEAK = YES;
				CLANG_WARN_BLOCK_CAPTURE_AUTORELEASING = YES;
				CLANG_WARN_BOOL_CONVERSION = YES;
				CLANG_WARN_COMMA = YES;
				CLANG_WARN_CONSTANT_CONVERSION = YES;
				CLANG_WARN_DEPRECATED_OBJC_IMPLEMENTATIONS = YES;
				CLANG_WARN_DIRECT_OBJC_ISA_USAGE = YES_ERROR;
				CLANG_WARN_DOCUMENTATION_COMMENTS = YES;
				CLANG_WARN_EMPTY_BODY = YES;
				CLANG_WARN_ENUM_CONVERSION = YES;
				CLANG_WARN_INFINITE_RECURSION = YES;
				CLANG_WARN_INT_CONVERSION = YES;
				CLANG_WARN_NON_LITERAL_NULL_CONVERSION = YES;
				CLANG_WARN_OBJC_IMPLICIT_RETAIN_SELF = YES;
				CLANG_WARN_OBJC_LITERAL_CONVERSION = YES;
				CLANG_WARN_OBJC_ROOT_CLASS = YES_ERROR;
				CLANG_WARN_RANGE_LOOP_ANALYSIS = YES;
				CLANG_WARN_STRICT_PROTOTYPES = YES;
				CLANG_WARN_SUSPICIOUS_MOVE = YES;
				CLANG_WARN_UNGUARDED_AVAILABILITY = YES_AGGRESSIVE;
				CLANG_WARN_UNREACHABLE_CODE = YES;
				CLANG_WARN__DUPLICATE_METHOD_MATCH = YES;
				CODE_SIGN_IDENTITY = "iPhone Developer";
				COPY_PHASE_STRIP = NO;
				DEBUG_INFORMATION_FORMAT = dwarf;
				ENABLE_STRICT_OBJC_MSGSEND = YES;
				ENABLE_TESTABILITY = YES;
				GCC_C_LANGUAGE_STANDARD = gnu11;
				GCC_DYNAMIC_NO_PIC = NO;
				GCC_NO_COMMON_BLOCKS = YES;
				GCC_OPTIMIZATION_LEVEL = 0;
				GCC_PREPROCESSOR_DEFINITIONS = (
					"DEBUG=1",
					"$(inherited)",
				);
				GCC_WARN_64_TO_32_BIT_CONVERSION = YES;
				GCC_WARN_ABOUT_RETURN_TYPE = YES_ERROR;
				GCC_WARN_UNDECLARED_SELECTOR = YES;
				GCC_WARN_UNINITIALIZED_AUTOS = YES_AGGRESSIVE;
				GCC_WARN_UNUSED_FUNCTION = YES;
				GCC_WARN_UNUSED_VARIABLE = YES;
				IPHONEOS_DEPLOYMENT_TARGET = 11.3;
				MTL_ENABLE_DEBUG_INFO = YES;
				ONLY_ACTIVE_ARCH = YES;
				SDKROOT = iphoneos;
				SWIFT_ACTIVE_COMPILATION_CONDITIONS = DEBUG;
				SWIFT_OPTIMIZATION_LEVEL = "-Onone";
			};
			name = Debug;
		};
		C44C5B4A20974AE80055124B /* Release */ = {
			isa = XCBuildConfiguration;
			buildSettings = {
				ALWAYS_SEARCH_USER_PATHS = NO;
				CLANG_ANALYZER_NONNULL = YES;
				CLANG_ANALYZER_NUMBER_OBJECT_CONVERSION = YES_AGGRESSIVE;
				CLANG_CXX_LANGUAGE_STANDARD = "gnu++14";
				CLANG_CXX_LIBRARY = "libc++";
				CLANG_ENABLE_MODULES = YES;
				CLANG_ENABLE_OBJC_ARC = YES;
				CLANG_ENABLE_OBJC_WEAK = YES;
				CLANG_WARN_BLOCK_CAPTURE_AUTORELEASING = YES;
				CLANG_WARN_BOOL_CONVERSION = YES;
				CLANG_WARN_COMMA = YES;
				CLANG_WARN_CONSTANT_CONVERSION = YES;
				CLANG_WARN_DEPRECATED_OBJC_IMPLEMENTATIONS = YES;
				CLANG_WARN_DIRECT_OBJC_ISA_USAGE = YES_ERROR;
				CLANG_WARN_DOCUMENTATION_COMMENTS = YES;
				CLANG_WARN_EMPTY_BODY = YES;
				CLANG_WARN_ENUM_CONVERSION = YES;
				CLANG_WARN_INFINITE_RECURSION = YES;
				CLANG_WARN_INT_CONVERSION = YES;
				CLANG_WARN_NON_LITERAL_NULL_CONVERSION = YES;
				CLANG_WARN_OBJC_IMPLICIT_RETAIN_SELF = YES;
				CLANG_WARN_OBJC_LITERAL_CONVERSION = YES;
				CLANG_WARN_OBJC_ROOT_CLASS = YES_ERROR;
				CLANG_WARN_RANGE_LOOP_ANALYSIS = YES;
				CLANG_WARN_STRICT_PROTOTYPES = YES;
				CLANG_WARN_SUSPICIOUS_MOVE = YES;
				CLANG_WARN_UNGUARDED_AVAILABILITY = YES_AGGRESSIVE;
				CLANG_WARN_UNREACHABLE_CODE = YES;
				CLANG_WARN__DUPLICATE_METHOD_MATCH = YES;
				CODE_SIGN_IDENTITY = "iPhone Developer";
				COPY_PHASE_STRIP = NO;
				DEBUG_INFORMATION_FORMAT = "dwarf-with-dsym";
				ENABLE_NS_ASSERTIONS = NO;
				ENABLE_STRICT_OBJC_MSGSEND = YES;
				GCC_C_LANGUAGE_STANDARD = gnu11;
				GCC_NO_COMMON_BLOCKS = YES;
				GCC_WARN_64_TO_32_BIT_CONVERSION = YES;
				GCC_WARN_ABOUT_RETURN_TYPE = YES_ERROR;
				GCC_WARN_UNDECLARED_SELECTOR = YES;
				GCC_WARN_UNINITIALIZED_AUTOS = YES_AGGRESSIVE;
				GCC_WARN_UNUSED_FUNCTION = YES;
				GCC_WARN_UNUSED_VARIABLE = YES;
				IPHONEOS_DEPLOYMENT_TARGET = 11.3;
				MTL_ENABLE_DEBUG_INFO = NO;
				SDKROOT = iphoneos;
				SWIFT_COMPILATION_MODE = wholemodule;
				SWIFT_OPTIMIZATION_LEVEL = "-O";
				VALIDATE_PRODUCT = YES;
			};
			name = Release;
		};
		C44C5B4C20974AE80055124B /* Debug */ = {
			isa = XCBuildConfiguration;
			buildSettings = {
				ASSETCATALOG_COMPILER_APPICON_NAME = AppIcon;
				CODE_SIGN_STYLE = Automatic;
				DEVELOPMENT_TEAM = EX4V5XDCJS;
				INFOPLIST_FILE = PDFfiller/Info.plist;
				LD_RUNPATH_SEARCH_PATHS = (
					"$(inherited)",
					"@executable_path/Frameworks",
				);
				PRODUCT_BUNDLE_IDENTIFIER = com.kostilal.PDFfiller;
				PRODUCT_NAME = "$(TARGET_NAME)";
				SWIFT_VERSION = 4.0;
				TARGETED_DEVICE_FAMILY = 1;
			};
			name = Debug;
		};
		C44C5B4D20974AE80055124B /* Release */ = {
			isa = XCBuildConfiguration;
			buildSettings = {
				ASSETCATALOG_COMPILER_APPICON_NAME = AppIcon;
				CODE_SIGN_STYLE = Automatic;
				DEVELOPMENT_TEAM = EX4V5XDCJS;
				INFOPLIST_FILE = PDFfiller/Info.plist;
				LD_RUNPATH_SEARCH_PATHS = (
					"$(inherited)",
					"@executable_path/Frameworks",
				);
				PRODUCT_BUNDLE_IDENTIFIER = com.kostilal.PDFfiller;
				PRODUCT_NAME = "$(TARGET_NAME)";
				SWIFT_VERSION = 4.0;
				TARGETED_DEVICE_FAMILY = 1;
			};
			name = Release;
		};
/* End XCBuildConfiguration section */

/* Begin XCConfigurationList section */
		C44C5B3420974AE60055124B /* Build configuration list for PBXProject "PDFfiller" */ = {
			isa = XCConfigurationList;
			buildConfigurations = (
				C44C5B4920974AE80055124B /* Debug */,
				C44C5B4A20974AE80055124B /* Release */,
			);
			defaultConfigurationIsVisible = 0;
			defaultConfigurationName = Release;
		};
		C44C5B4B20974AE80055124B /* Build configuration list for PBXNativeTarget "PDFfiller" */ = {
			isa = XCConfigurationList;
			buildConfigurations = (
				C44C5B4C20974AE80055124B /* Debug */,
				C44C5B4D20974AE80055124B /* Release */,
			);
			defaultConfigurationIsVisible = 0;
			defaultConfigurationName = Release;
		};
/* End XCConfigurationList section */
	};
	rootObject = C44C5B3120974AE60055124B /* Project object */;
}
